
Microsoft Visual Studio Solution File, Format Version 12.00
# Visual Studio Version 17
VisualStudioVersion = 17.14.36717.8 d17.14
MinimumVisualStudioVersion = 10.0.40219.1
Project("{FAE04EC0-301F-11D3-BF4B-00C04F79EFBC}") = "AirportSMS", "AirportSMS\AirportSMS.csproj", "{3537DE9E-6A6E-40C1-B581-B0A756CF5325}"
EndProject
Global
	GlobalSection(SolutionConfigurationPlatforms) = preSolution
		Debug|Any CPU = Debug|Any CPU
		Release|Any CPU = Release|Any CPU
	EndGlobalSection
	GlobalSection(ProjectConfigurationPlatforms) = postSolution
		{3537DE9E-6A6E-40C1-B581-B0A756CF5325}.Debug|Any CPU.ActiveCfg = Debug|Any CPU
		{3537DE9E-6A6E-40C1-B581-B0A756CF5325}.Debug|Any CPU.Build.0 = Debug|Any CPU
		{3537DE9E-6A6E-40C1-B581-B0A756CF5325}.Release|Any CPU.ActiveCfg = Release|Any CPU
		{3537DE9E-6A6E-40C1-B581-B0A756CF5325}.Release|Any CPU.Build.0 = Release|Any CPU
	EndGlobalSection
	GlobalSection(SolutionProperties) = preSolution
		HideSolutionNode = FALSE
	EndGlobalSection
	GlobalSection(ExtensibilityGlobals) = postSolution
		SolutionGuid = {CD1E5039-2982-4C74-9AE6-94FF4FA1EB9A}
	EndGlobalSection
EndGlobal
